
Microsoft Visual Studio Solution File, Format Version 10.00
# Visual Studio 2008
Project("{F184B08F-C81C-45F6-A57F-5ABD9991F28F}") = "PresentationsMaker", "Presentations\PresentationsMaker.vbproj", "{4765830A-ADA0-48ED-8E48-4FCD5052921D}"
EndProject
Global
	GlobalSection(SolutionConfigurationPlatforms) = preSolution
		Debug|Any CPU = Debug|Any CPU
		Release|Any CPU = Release|Any CPU
	EndGlobalSection
	GlobalSection(ProjectConfigurationPlatforms) = postSolution
		{4765830A-ADA0-48ED-8E48-4FCD5052921D}.Debug|Any CPU.ActiveCfg = Debug|Any CPU
		{4765830A-ADA0-48ED-8E48-4FCD5052921D}.Debug|Any CPU.Build.0 = Debug|Any CPU
		{4765830A-ADA0-48ED-8E48-4FCD5052921D}.Release|Any CPU.ActiveCfg = Release|Any CPU
		{4765830A-ADA0-48ED-8E48-4FCD5052921D}.Release|Any CPU.Build.0 = Release|Any CPU
	EndGlobalSection
	GlobalSection(SolutionProperties) = preSolution
		HideSolutionNode = FALSE
	EndGlobalSection
EndGlobal
